
Microsoft Visual Studio Solution File, Format Version 12.00
# Visual Studio Version 17
VisualStudioVersion = 17.0.31903.59
MinimumVisualStudioVersion = 10.0.40219.1
Project("{FAE04EC0-301F-11D3-BF4B-00C04F79EFBC}") = "Astryx.Hub.Core", "src\Astryx.Hub.Core\Astryx.Hub.Core.csproj", "{A3956EB2-7BBB-479C-BF9F-5CF2C470641B}"
EndProject
Project("{FAE04EC0-301F-11D3-BF4B-00C04F79EFBC}") = "Astryx.Hub.Trainer", "src\Astryx.Hub.Trainer\Astryx.Hub.Trainer.csproj", "{CD45674E-DB29-4C3D-9BE3-34CA23A6E5BE}"
EndProject
Project("{FAE04EC0-301F-11D3-BF4B-00C04F79EFBC}") = "Astryx.Hub.Substrate", "src\Astryx.Hub.Substrate\Astryx.Hub.Substrate.csproj", "{45340FD1-A9DA-41A0-ACA5-E4FE0B9B5F64}"
EndProject
Global
	GlobalSection(SolutionConfigurationPlatforms) = preSolution
		Debug|Any CPU = Debug|Any CPU
		Debug|x64 = Debug|x64
		Debug|x86 = Debug|x86
		Release|Any CPU = Release|Any CPU
		Release|x64 = Release|x64
		Release|x86 = Release|x86
	EndGlobalSection
	GlobalSection(ProjectConfigurationPlatforms) = postSolution
		{A3956EB2-7BBB-479C-BF9F-5CF2C470641B}.Debug|Any CPU.ActiveCfg = Debug|Any CPU
		{A3956EB2-7BBB-479C-BF9F-5CF2C470641B}.Debug|Any CPU.Build.0 = Debug|Any CPU
		{A3956EB2-7BBB-479C-BF9F-5CF2C470641B}.Debug|x64.ActiveCfg = Debug|Any CPU
		{A3956EB2-7BBB-479C-BF9F-5CF2C470641B}.Debug|x64.Build.0 = Debug|Any CPU
		{A3956EB2-7BBB-479C-BF9F-5CF2C470641B}.Debug|x86.ActiveCfg = Debug|Any CPU
		{A3956EB2-7BBB-479C-BF9F-5CF2C470641B}.Debug|x86.Build.0 = Debug|Any CPU
		{A3956EB2-7BBB-479C-BF9F-5CF2C470641B}.Release|Any CPU.ActiveCfg = Release|Any CPU
		{A3956EB2-7BBB-479C-BF9F-5CF2C470641B}.Release|Any CPU.Build.0 = Release|Any CPU
		{A3956EB2-7BBB-479C-BF9F-5CF2C470641B}.Release|x64.ActiveCfg = Release|Any CPU
		{A3956EB2-7BBB-479C-BF9F-5CF2C470641B}.Release|x64.Build.0 = Release|Any CPU
		{A3956EB2-7BBB-479C-BF9F-5CF2C470641B}.Release|x86.ActiveCfg = Release|Any CPU
		{A3956EB2-7BBB-479C-BF9F-5CF2C470641B}.Release|x86.Build.0 = Release|Any CPU
		{CD45674E-DB29-4C3D-9BE3-34CA23A6E5BE}.Debug|Any CPU.ActiveCfg = Debug|Any CPU
		{CD45674E-DB29-4C3D-9BE3-34CA23A6E5BE}.Debug|Any CPU.Build.0 = Debug|Any CPU
		{CD45674E-DB29-4C3D-9BE3-34CA23A6E5BE}.Debug|x64.ActiveCfg = Debug|Any CPU
		{CD45674E-DB29-4C3D-9BE3-34CA23A6E5BE}.Debug|x64.Build.0 = Debug|Any CPU
		{CD45674E-DB29-4C3D-9BE3-34CA23A6E5BE}.Debug|x86.ActiveCfg = Debug|Any CPU
		{CD45674E-DB29-4C3D-9BE3-34CA23A6E5BE}.Debug|x86.Build.0 = Debug|Any CPU
		{CD45674E-DB29-4C3D-9BE3-34CA23A6E5BE}.Release|Any CPU.ActiveCfg = Release|Any CPU
		{CD45674E-DB29-4C3D-9BE3-34CA23A6E5BE}.Release|Any CPU.Build.0 = Release|Any CPU
		{CD45674E-DB29-4C3D-9BE3-34CA23A6E5BE}.Release|x64.ActiveCfg = Release|Any CPU
		{CD45674E-DB29-4C3D-9BE3-34CA23A6E5BE}.Release|x64.Build.0 = Release|Any CPU
		{CD45674E-DB29-4C3D-9BE3-34CA23A6E5BE}.Release|x86.ActiveCfg = Release|Any CPU
		{CD45674E-DB29-4C3D-9BE3-34CA23A6E5BE}.Release|x86.Build.0 = Release|Any CPU
		{45340FD1-A9DA-41A0-ACA5-E4FE0B9B5F64}.Debug|Any CPU.ActiveCfg = Debug|Any CPU
		{45340FD1-A9DA-41A0-ACA5-E4FE0B9B5F64}.Debug|Any CPU.Build.0 = Debug|Any CPU
		{45340FD1-A9DA-41A0-ACA5-E4FE0B9B5F64}.Debug|x64.ActiveCfg = Debug|Any CPU
		{45340FD1-A9DA-41A0-ACA5-E4FE0B9B5F64}.Debug|x64.Build.0 = Debug|Any CPU
		{45340FD1-A9DA-41A0-ACA5-E4FE0B9B5F64}.Debug|x86.ActiveCfg = Debug|Any CPU
		{45340FD1-A9DA-41A0-ACA5-E4FE0B9B5F64}.Debug|x86.Build.0 = Debug|Any CPU
		{45340FD1-A9DA-41A0-ACA5-E4FE0B9B5F64}.Release|Any CPU.ActiveCfg = Release|Any CPU
		{45340FD1-A9DA-41A0-ACA5-E4FE0B9B5F64}.Release|Any CPU.Build.0 = Release|Any CPU
		{45340FD1-A9DA-41A0-ACA5-E4FE0B9B5F64}.Release|x64.ActiveCfg = Release|Any CPU
		{45340FD1-A9DA-41A0-ACA5-E4FE0B9B5F64}.Release|x64.Build.0 = Release|Any CPU
		{45340FD1-A9DA-41A0-ACA5-E4FE0B9B5F64}.Release|x86.ActiveCfg = Release|Any CPU
		{45340FD1-A9DA-41A0-ACA5-E4FE0B9B5F64}.Release|x86.Build.0 = Release|Any CPU
	EndGlobalSection
	GlobalSection(SolutionProperties) = preSolution
		HideSolutionNode = FALSE
	EndGlobalSection
	GlobalSection(NestedProjects) = preSolution
	EndGlobalSection
EndGlobal
